<?xml version="1.0" encoding="UTF-8" standalone="yes" ?>
<CodeBlocks_project_file>
	<FileVersion major="1" minor="6" />
	<Project>
		<Option title="CmonFinal" />
		<Option pch_mode="2" />
		<Option compiler="gcc" />
		<Build>
			<Target title="Debug">
				<Option output="bin/Debug/CmonFinal" prefix_auto="1" extension_auto="1" />
				<Option object_output="obj/Debug/" />
				<Option type="1" />
				<Option compiler="gcc" />
				<Compiler>
					<Add option="-g" />
				</Compiler>
			</Target>
			<Target title="Release">
				<Option output="bin/Release/CmonFinal" prefix_auto="1" extension_auto="1" />
				<Option object_output="obj/Release/" />
				<Option type="1" />
				<Option compiler="gcc" />
				<Compiler>
					<Add option="-O2" />
				</Compiler>
				<Linker>
					<Add option="-s" />
				</Linker>
			</Target>
		</Build>
		<Compiler>
			<Add option="-Wall" />
		</Compiler>
		<Unit filename="cmon.c">
			<Option compilerVar="CC" />
		</Unit>
		<Unit filename="cmon.h" />
		<Unit filename="estructurasDatos/cola/colaDinamica.c">
			<Option compilerVar="CC" />
		</Unit>
		<Unit filename="estructurasDatos/cola/colaDinamica.h" />
		<Unit filename="estructurasDatos/lista/lista.c">
			<Option compilerVar="CC" />
		</Unit>
		<Unit filename="estructurasDatos/lista/lista.h" />
		<Unit filename="estructurasDatos/nodo.h" />
		<Unit filename="jugarTurno.c">
			<Option compilerVar="CC" />
		</Unit>
		<Unit filename="jugarTurno.h" />
		<Unit filename="main.c">
			<Option compilerVar="CC" />
		</Unit>
		<Unit filename="menu.h" />
		<Unit filename="menus.c">
			<Option compilerVar="CC" />
		</Unit>
		<Unit filename="secuencia/API.c">
			<Option compilerVar="CC" />
		</Unit>
		<Unit filename="secuencia/API.h" />
		<Unit filename="secuencia/hiloCronometro.c">
			<Option compilerVar="CC" />
		</Unit>
		<Unit filename="secuencia/hiloCronometro.h" />
		<Unit filename="secuencia/secuencia.c">
			<Option compilerVar="CC" />
		</Unit>
		<Unit filename="secuencia/secuencia.h" />
		<Extensions>
			<lib_finder disable_auto="1" />
		</Extensions>
	</Project>
</CodeBlocks_project_file>
