<?xml version="1.0" encoding="UTF-8" standalone="yes" ?>
<CodeBlocks_project_file>
	<FileVersion major="1" minor="6" />
	<Project>
		<Option title="cmonDice" />
		<Option pch_mode="2" />
		<Option compiler="gcc" />
		<Build>
			<Target title="Debug">
				<Option output="bin/Debug/cmonDice" prefix_auto="1" extension_auto="1" />
				<Option object_output="obj/Debug/" />
				<Option type="1" />
				<Option compiler="gcc" />
				<Compiler>
					<Add option="-g" />
					<Add directory="C:/herramientas/curl-8.10.1_7-win64-mingw/include" />
				</Compiler>
				<ResourceCompiler>
					<Add directory="C:/herramientas/curl-8.10.1_7-win64-mingw/include" />
				</ResourceCompiler>
				<Linker>
					<Add library="C:/herramientas/curl-8.10.1_7-win64-mingw/lib/libcurl.dll.a" />
					<Add directory="C:/herramientas/curl-8.10.1_7-win64-mingw/lib" />
				</Linker>
			</Target>
			<Target title="Release">
				<Option output="bin/Release/cmonDice" prefix_auto="1" extension_auto="1" />
				<Option object_output="obj/Release/" />
				<Option type="1" />
				<Option compiler="gcc" />
				<Compiler>
					<Add option="-O2" />
				</Compiler>
				<Linker>
					<Add option="-s" />
				</Linker>
			</Target>
		</Build>
		<Compiler>
			<Add option="-Wall" />
		</Compiler>
		<Unit filename="cronometro/hiloCronometro.c">
			<Option compilerVar="CC" />
		</Unit>
		<Unit filename="cronometro/hiloCronometro.h" />
		<Unit filename="funciones.c">
			<Option compilerVar="CC" />
		</Unit>
		<Unit filename="funciones.h" />
		<Unit filename="lista.c">
			<Option compilerVar="CC" />
		</Unit>
		<Unit filename="lista.h" />
		<Unit filename="main.c">
			<Option compilerVar="CC" />
		</Unit>
		<Unit filename="secuencia/API.c">
			<Option compilerVar="CC" />
		</Unit>
		<Unit filename="secuencia/API.h" />
		<Unit filename="secuencia/secuencia.c">
			<Option compilerVar="CC" />
		</Unit>
		<Unit filename="secuencia/secuencia.h" />
		<Extensions>
			<lib_finder disable_auto="1" />
		</Extensions>
	</Project>
</CodeBlocks_project_file>
